
Microsoft Visual Studio Solution File, Format Version 12.00
# Visual Studio Version 16
VisualStudioVersion = 16.0.31702.278
MinimumVisualStudioVersion = 10.0.40219.1
Project("{9A19103F-16F7-4668-BE54-9A1E7A4F7556}") = "CulinarySite", "CulinarySite\CulinarySite.csproj", "{55CC6784-55E3-4516-9ECD-902170C89A70}"
EndProject
Project("{9A19103F-16F7-4668-BE54-9A1E7A4F7556}") = "Database", "Database\Database.csproj", "{4DAC08F7-1A83-40C1-A0B2-3FC9B15E2E3C}"
EndProject
Project("{FAE04EC0-301F-11D3-BF4B-00C04F79EFBC}") = "Repositories", "Repositories\Repositories.csproj", "{70F55EF6-7A00-46C6-8F0E-26B31BF9606A}"
EndProject
Project("{FAE04EC0-301F-11D3-BF4B-00C04F79EFBC}") = "ServiceLayer", "ServiceLayer\ServiceLayer.csproj", "{1DB86AB7-1FDC-4C44-86BC-6225BCE7E71F}"
EndProject
Global
	GlobalSection(SolutionConfigurationPlatforms) = preSolution
		Debug|Any CPU = Debug|Any CPU
		Release|Any CPU = Release|Any CPU
	EndGlobalSection
	GlobalSection(ProjectConfigurationPlatforms) = postSolution
		{55CC6784-55E3-4516-9ECD-902170C89A70}.Debug|Any CPU.ActiveCfg = Debug|Any CPU
		{55CC6784-55E3-4516-9ECD-902170C89A70}.Debug|Any CPU.Build.0 = Debug|Any CPU
		{55CC6784-55E3-4516-9ECD-902170C89A70}.Release|Any CPU.ActiveCfg = Release|Any CPU
		{55CC6784-55E3-4516-9ECD-902170C89A70}.Release|Any CPU.Build.0 = Release|Any CPU
		{4DAC08F7-1A83-40C1-A0B2-3FC9B15E2E3C}.Debug|Any CPU.ActiveCfg = Debug|Any CPU
		{4DAC08F7-1A83-40C1-A0B2-3FC9B15E2E3C}.Debug|Any CPU.Build.0 = Debug|Any CPU
		{4DAC08F7-1A83-40C1-A0B2-3FC9B15E2E3C}.Release|Any CPU.ActiveCfg = Release|Any CPU
		{4DAC08F7-1A83-40C1-A0B2-3FC9B15E2E3C}.Release|Any CPU.Build.0 = Release|Any CPU
		{70F55EF6-7A00-46C6-8F0E-26B31BF9606A}.Debug|Any CPU.ActiveCfg = Debug|Any CPU
		{70F55EF6-7A00-46C6-8F0E-26B31BF9606A}.Debug|Any CPU.Build.0 = Debug|Any CPU
		{70F55EF6-7A00-46C6-8F0E-26B31BF9606A}.Release|Any CPU.ActiveCfg = Release|Any CPU
		{70F55EF6-7A00-46C6-8F0E-26B31BF9606A}.Release|Any CPU.Build.0 = Release|Any CPU
		{1DB86AB7-1FDC-4C44-86BC-6225BCE7E71F}.Debug|Any CPU.ActiveCfg = Debug|Any CPU
		{1DB86AB7-1FDC-4C44-86BC-6225BCE7E71F}.Debug|Any CPU.Build.0 = Debug|Any CPU
		{1DB86AB7-1FDC-4C44-86BC-6225BCE7E71F}.Release|Any CPU.ActiveCfg = Release|Any CPU
		{1DB86AB7-1FDC-4C44-86BC-6225BCE7E71F}.Release|Any CPU.Build.0 = Release|Any CPU
	EndGlobalSection
	GlobalSection(SolutionProperties) = preSolution
		HideSolutionNode = FALSE
	EndGlobalSection
	GlobalSection(ExtensibilityGlobals) = postSolution
		SolutionGuid = {58868BB8-E0B6-45F5-B16D-196059188945}
	EndGlobalSection
EndGlobal
