
Microsoft Visual Studio Solution File, Format Version 12.00
# Visual Studio Version 16
VisualStudioVersion = 16.0.31702.278
MinimumVisualStudioVersion = 10.0.40219.1
Project("{9A19103F-16F7-4668-BE54-9A1E7A4F7556}") = "CulinarySite.Tests", "CulinarySite.Tests\CulinarySite.Tests.csproj", "{A6ADFCE5-4EFC-4D0F-8489-8C65C1DA9F46}"
EndProject
Project("{9A19103F-16F7-4668-BE54-9A1E7A4F7556}") = "CulinarySite.Domain", "CulinarySite.Domain\CulinarySite.Domain.csproj", "{9FC7F815-0284-41E6-A919-8E9743925F08}"
EndProject
Project("{9A19103F-16F7-4668-BE54-9A1E7A4F7556}") = "CulinarySite.Common", "CulinarySite.Common\CulinarySite.Common.csproj", "{F6604D4B-54AC-43F4-90A5-DD27D64D989B}"
EndProject
Project("{9A19103F-16F7-4668-BE54-9A1E7A4F7556}") = "CulinarySite.Dal", "CulinarySite.Dal\CulinarySite.Dal.csproj", "{208D7FAE-CFFC-4717-8EE9-EC49EC94A729}"
EndProject
Project("{9A19103F-16F7-4668-BE54-9A1E7A4F7556}") = "CulinarySite.Bll", "CulinarySite.Bll\CulinarySite.Bll.csproj", "{DFF89D51-FF47-4A4C-AE0F-3207BA07160C}"
EndProject
Project("{9A19103F-16F7-4668-BE54-9A1E7A4F7556}") = "CulinarySite.Api", "CulinarySite.Api\CulinarySite.Api.csproj", "{E5ED4F86-BC68-4D0F-8F67-5DCA88615F74}"
EndProject
Global
	GlobalSection(SolutionConfigurationPlatforms) = preSolution
		Debug|Any CPU = Debug|Any CPU
		Release|Any CPU = Release|Any CPU
	EndGlobalSection
	GlobalSection(ProjectConfigurationPlatforms) = postSolution
		{A6ADFCE5-4EFC-4D0F-8489-8C65C1DA9F46}.Debug|Any CPU.ActiveCfg = Debug|Any CPU
		{A6ADFCE5-4EFC-4D0F-8489-8C65C1DA9F46}.Debug|Any CPU.Build.0 = Debug|Any CPU
		{A6ADFCE5-4EFC-4D0F-8489-8C65C1DA9F46}.Release|Any CPU.ActiveCfg = Release|Any CPU
		{A6ADFCE5-4EFC-4D0F-8489-8C65C1DA9F46}.Release|Any CPU.Build.0 = Release|Any CPU
		{9FC7F815-0284-41E6-A919-8E9743925F08}.Debug|Any CPU.ActiveCfg = Debug|Any CPU
		{9FC7F815-0284-41E6-A919-8E9743925F08}.Debug|Any CPU.Build.0 = Debug|Any CPU
		{9FC7F815-0284-41E6-A919-8E9743925F08}.Release|Any CPU.ActiveCfg = Release|Any CPU
		{9FC7F815-0284-41E6-A919-8E9743925F08}.Release|Any CPU.Build.0 = Release|Any CPU
		{F6604D4B-54AC-43F4-90A5-DD27D64D989B}.Debug|Any CPU.ActiveCfg = Debug|Any CPU
		{F6604D4B-54AC-43F4-90A5-DD27D64D989B}.Debug|Any CPU.Build.0 = Debug|Any CPU
		{F6604D4B-54AC-43F4-90A5-DD27D64D989B}.Release|Any CPU.ActiveCfg = Release|Any CPU
		{F6604D4B-54AC-43F4-90A5-DD27D64D989B}.Release|Any CPU.Build.0 = Release|Any CPU
		{208D7FAE-CFFC-4717-8EE9-EC49EC94A729}.Debug|Any CPU.ActiveCfg = Debug|Any CPU
		{208D7FAE-CFFC-4717-8EE9-EC49EC94A729}.Debug|Any CPU.Build.0 = Debug|Any CPU
		{208D7FAE-CFFC-4717-8EE9-EC49EC94A729}.Release|Any CPU.ActiveCfg = Release|Any CPU
		{208D7FAE-CFFC-4717-8EE9-EC49EC94A729}.Release|Any CPU.Build.0 = Release|Any CPU
		{DFF89D51-FF47-4A4C-AE0F-3207BA07160C}.Debug|Any CPU.ActiveCfg = Debug|Any CPU
		{DFF89D51-FF47-4A4C-AE0F-3207BA07160C}.Debug|Any CPU.Build.0 = Debug|Any CPU
		{DFF89D51-FF47-4A4C-AE0F-3207BA07160C}.Release|Any CPU.ActiveCfg = Release|Any CPU
		{DFF89D51-FF47-4A4C-AE0F-3207BA07160C}.Release|Any CPU.Build.0 = Release|Any CPU
		{E5ED4F86-BC68-4D0F-8F67-5DCA88615F74}.Debug|Any CPU.ActiveCfg = Debug|Any CPU
		{E5ED4F86-BC68-4D0F-8F67-5DCA88615F74}.Debug|Any CPU.Build.0 = Debug|Any CPU
		{E5ED4F86-BC68-4D0F-8F67-5DCA88615F74}.Release|Any CPU.ActiveCfg = Release|Any CPU
		{E5ED4F86-BC68-4D0F-8F67-5DCA88615F74}.Release|Any CPU.Build.0 = Release|Any CPU
	EndGlobalSection
	GlobalSection(SolutionProperties) = preSolution
		HideSolutionNode = FALSE
	EndGlobalSection
	GlobalSection(ExtensibilityGlobals) = postSolution
		SolutionGuid = {58868BB8-E0B6-45F5-B16D-196059188945}
	EndGlobalSection
EndGlobal
